
Microsoft Visual Studio Solution File, Format Version 12.00
# Visual Studio 14
VisualStudioVersion = 14.0.25420.1
MinimumVisualStudioVersion = 10.0.40219.1
Project("{FAE04EC0-301F-11D3-BF4B-00C04F79EFBC}") = "WpfTableApp", "WpfTableApp\WpfTableApp.csproj", "{6E92F5AE-04E8-406B-8FC6-3E6B6B7B949C}"
EndProject
Project("{8BC9CEB8-8B4A-11D0-8D11-00A0C91BC942}") = "MfcTableApp", "MfcTableApp\MfcTableApp.vcxproj", "{874BA07D-13EF-4964-A4CD-B0D46D29AD45}"
EndProject
Global
	GlobalSection(SolutionConfigurationPlatforms) = preSolution
		Debug|Any CPU = Debug|Any CPU
		Debug|x64 = Debug|x64
		Debug|x86 = Debug|x86
		Release|Any CPU = Release|Any CPU
		Release|x64 = Release|x64
		Release|x86 = Release|x86
	EndGlobalSection
	GlobalSection(ProjectConfigurationPlatforms) = postSolution
		{6E92F5AE-04E8-406B-8FC6-3E6B6B7B949C}.Debug|Any CPU.ActiveCfg = Debug|Any CPU
		{6E92F5AE-04E8-406B-8FC6-3E6B6B7B949C}.Debug|Any CPU.Build.0 = Debug|Any CPU
		{6E92F5AE-04E8-406B-8FC6-3E6B6B7B949C}.Debug|x64.ActiveCfg = Debug|Any CPU
		{6E92F5AE-04E8-406B-8FC6-3E6B6B7B949C}.Debug|x64.Build.0 = Debug|Any CPU
		{6E92F5AE-04E8-406B-8FC6-3E6B6B7B949C}.Debug|x86.ActiveCfg = Debug|Any CPU
		{6E92F5AE-04E8-406B-8FC6-3E6B6B7B949C}.Debug|x86.Build.0 = Debug|Any CPU
		{6E92F5AE-04E8-406B-8FC6-3E6B6B7B949C}.Release|Any CPU.ActiveCfg = Release|Any CPU
		{6E92F5AE-04E8-406B-8FC6-3E6B6B7B949C}.Release|Any CPU.Build.0 = Release|Any CPU
		{6E92F5AE-04E8-406B-8FC6-3E6B6B7B949C}.Release|x64.ActiveCfg = Release|Any CPU
		{6E92F5AE-04E8-406B-8FC6-3E6B6B7B949C}.Release|x64.Build.0 = Release|Any CPU
		{6E92F5AE-04E8-406B-8FC6-3E6B6B7B949C}.Release|x86.ActiveCfg = Release|Any CPU
		{6E92F5AE-04E8-406B-8FC6-3E6B6B7B949C}.Release|x86.Build.0 = Release|Any CPU
		{874BA07D-13EF-4964-A4CD-B0D46D29AD45}.Debug|Any CPU.ActiveCfg = Debug|Win32
		{874BA07D-13EF-4964-A4CD-B0D46D29AD45}.Debug|x64.ActiveCfg = Debug|x64
		{874BA07D-13EF-4964-A4CD-B0D46D29AD45}.Debug|x64.Build.0 = Debug|x64
		{874BA07D-13EF-4964-A4CD-B0D46D29AD45}.Debug|x86.ActiveCfg = Debug|Win32
		{874BA07D-13EF-4964-A4CD-B0D46D29AD45}.Debug|x86.Build.0 = Debug|Win32
		{874BA07D-13EF-4964-A4CD-B0D46D29AD45}.Release|Any CPU.ActiveCfg = Release|Win32
		{874BA07D-13EF-4964-A4CD-B0D46D29AD45}.Release|x64.ActiveCfg = Release|x64
		{874BA07D-13EF-4964-A4CD-B0D46D29AD45}.Release|x64.Build.0 = Release|x64
		{874BA07D-13EF-4964-A4CD-B0D46D29AD45}.Release|x86.ActiveCfg = Release|Win32
		{874BA07D-13EF-4964-A4CD-B0D46D29AD45}.Release|x86.Build.0 = Release|Win32
	EndGlobalSection
	GlobalSection(SolutionProperties) = preSolution
		HideSolutionNode = FALSE
	EndGlobalSection
EndGlobal
